// !$*UTF8*$!
{
	archiveVersion = 1;
	classes = {
	};
	objectVersion = 46;
	objects = {

/* Begin PBXBuildFile section */
		01E8C9621AFBFECA007CB351 /* AppDelegate.swift in Sources */ = {isa = PBXBuildFile; fileRef = 01E8C9611AFBFECA007CB351 /* AppDelegate.swift */; };
		01E8C9651AFBFECA007CB351 /* MarktKasse.xcdatamodeld in Sources */ = {isa = PBXBuildFile; fileRef = 01E8C9631AFBFECA007CB351 /* MarktKasse.xcdatamodeld */; };
		01E8C9671AFBFECA007CB351 /* ViewController.swift in Sources */ = {isa = PBXBuildFile; fileRef = 01E8C9661AFBFECA007CB351 /* ViewController.swift */; };
		01E8C96A1AFBFECA007CB351 /* Main.storyboard in Resources */ = {isa = PBXBuildFile; fileRef = 01E8C9681AFBFECA007CB351 /* Main.storyboard */; };
		01E8C96C1AFBFECA007CB351 /* Images.xcassets in Resources */ = {isa = PBXBuildFile; fileRef = 01E8C96B1AFBFECA007CB351 /* Images.xcassets */; };
		01E8C96F1AFBFECA007CB351 /* LaunchScreen.xib in Resources */ = {isa = PBXBuildFile; fileRef = 01E8C96D1AFBFECA007CB351 /* LaunchScreen.xib */; };
		01E8C97B1AFBFECA007CB351 /* MarktKasseTests.swift in Sources */ = {isa = PBXBuildFile; fileRef = 01E8C97A1AFBFECA007CB351 /* MarktKasseTests.swift */; };
/* End PBXBuildFile section */

/* Begin PBXContainerItemProxy section */
		01E8C9751AFBFECA007CB351 /* PBXContainerItemProxy */ = {
			isa = PBXContainerItemProxy;
			containerPortal = 01E8C9541AFBFEC9007CB351 /* Project object */;
			proxyType = 1;
			remoteGlobalIDString = 01E8C95B1AFBFEC9007CB351;
			remoteInfo = MarktKasse;
		};
/* End PBXContainerItemProxy section */

/* Begin PBXFileReference section */
		01E8C95C1AFBFECA007CB351 /* MarktKasse.app */ = {isa = PBXFileReference; explicitFileType = wrapper.application; includeInIndex = 0; path = MarktKasse.app; sourceTree = BUILT_PRODUCTS_DIR; };
		01E8C9601AFBFECA007CB351 /* Info.plist */ = {isa = PBXFileReference; lastKnownFileType = text.plist.xml; path = Info.plist; sourceTree = "<group>"; };
		01E8C9611AFBFECA007CB351 /* AppDelegate.swift */ = {isa = PBXFileReference; lastKnownFileType = sourcecode.swift; path = AppDelegate.swift; sourceTree = "<group>"; };
		01E8C9641AFBFECA007CB351 /* MarktKasse.xcdatamodel */ = {isa = PBXFileReference; lastKnownFileType = wrapper.xcdatamodel; path = MarktKasse.xcdatamodel; sourceTree = "<group>"; };
		01E8C9661AFBFECA007CB351 /* ViewController.swift */ = {isa = PBXFileReference; lastKnownFileType = sourcecode.swift; path = ViewController.swift; sourceTree = "<group>"; };
		01E8C9691AFBFECA007CB351 /* Base */ = {isa = PBXFileReference; lastKnownFileType = file.storyboard; name = Base; path = Base.lproj/Main.storyboard; sourceTree = "<group>"; };
		01E8C96B1AFBFECA007CB351 /* Images.xcassets */ = {isa = PBXFileReference; lastKnownFileType = folder.assetcatalog; path = Images.xcassets; sourceTree = "<group>"; };
		01E8C96E1AFBFECA007CB351 /* Base */ = {isa = PBXFileReference; lastKnownFileType = file.xib; name = Base; path = Base.lproj/LaunchScreen.xib; sourceTree = "<group>"; };
		01E8C9741AFBFECA007CB351 /* MarktKasseTests.xctest */ = {isa = PBXFileReference; explicitFileType = wrapper.cfbundle; includeInIndex = 0; path = MarktKasseTests.xctest; sourceTree = BUILT_PRODUCTS_DIR; };
		01E8C9791AFBFECA007CB351 /* Info.plist */ = {isa = PBXFileReference; lastKnownFileType = text.plist.xml; path = Info.plist; sourceTree = "<group>"; };
		01E8C97A1AFBFECA007CB351 /* MarktKasseTests.swift */ = {isa = PBXFileReference; lastKnownFileType = sourcecode.swift; path = MarktKasseTests.swift; sourceTree = "<group>"; };
/* End PBXFileReference section */

/* Begin PBXFrameworksBuildPhase section */
		01E8C9591AFBFEC9007CB351 /* Frameworks */ = {
			isa = PBXFrameworksBuildPhase;
			buildActionMask = 2147483647;
			files = (
			);
			runOnlyForDeploymentPostprocessing = 0;
		};
		01E8C9711AFBFECA007CB351 /* Frameworks */ = {
			isa = PBXFrameworksBuildPhase;
			buildActionMask = 2147483647;
			files = (
			);
			runOnlyForDeploymentPostprocessing = 0;
		};
/* End PBXFrameworksBuildPhase section */

/* Begin PBXGroup section */
		01E8C9531AFBFEC9007CB351 = {
			isa = PBXGroup;
			children = (
				01E8C95E1AFBFECA007CB351 /* MarktKasse */,
				01E8C9771AFBFECA007CB351 /* MarktKasseTests */,
				01E8C95D1AFBFECA007CB351 /* Products */,
			);
			sourceTree = "<group>";
		};
		01E8C95D1AFBFECA007CB351 /* Products */ = {
			isa = PBXGroup;
			children = (
				01E8C95C1AFBFECA007CB351 /* MarktKasse.app */,
				01E8C9741AFBFECA007CB351 /* MarktKasseTests.xctest */,
			);
			name = Products;
			sourceTree = "<group>";
		};
		01E8C95E1AFBFECA007CB351 /* MarktKasse */ = {
			isa = PBXGroup;
			children = (
				01E8C9611AFBFECA007CB351 /* AppDelegate.swift */,
				01E8C9661AFBFECA007CB351 /* ViewController.swift */,
				01E8C9681AFBFECA007CB351 /* Main.storyboard */,
				01E8C96B1AFBFECA007CB351 /* Images.xcassets */,
				01E8C96D1AFBFECA007CB351 /* LaunchScreen.xib */,
				01E8C9631AFBFECA007CB351 /* MarktKasse.xcdatamodeld */,
				01E8C95F1AFBFECA007CB351 /* Supporting Files */,
			);
			path = MarktKasse;
			sourceTree = "<group>";
		};
		01E8C95F1AFBFECA007CB351 /* Supporting Files */ = {
			isa = PBXGroup;
			children = (
				01E8C9601AFBFECA007CB351 /* Info.plist */,
			);
			name = "Supporting Files";
			sourceTree = "<group>";
		};
		01E8C9771AFBFECA007CB351 /* MarktKasseTests */ = {
			isa = PBXGroup;
			children = (
				01E8C97A1AFBFECA007CB351 /* MarktKasseTests.swift */,
				01E8C9781AFBFECA007CB351 /* Supporting Files */,
			);
			path = MarktKasseTests;
			sourceTree = "<group>";
		};
		01E8C9781AFBFECA007CB351 /* Supporting Files */ = {
			isa = PBXGroup;
			children = (
				01E8C9791AFBFECA007CB351 /* Info.plist */,
			);
			name = "Supporting Files";
			sourceTree = "<group>";
		};
/* End PBXGroup section */

/* Begin PBXNativeTarget section */
		01E8C95B1AFBFEC9007CB351 /* MarktKasse */ = {
			isa = PBXNativeTarget;
			buildConfigurationList = 01E8C97E1AFBFECA007CB351 /* Build configuration list for PBXNativeTarget "MarktKasse" */;
			buildPhases = (
				01E8C9581AFBFEC9007CB351 /* Sources */,
				01E8C9591AFBFEC9007CB351 /* Frameworks */,
				01E8C95A1AFBFEC9007CB351 /* Resources */,
			);
			buildRules = (
			);
			dependencies = (
			);
			name = MarktKasse;
			productName = MarktKasse;
			productReference = 01E8C95C1AFBFECA007CB351 /* MarktKasse.app */;
			productType = "com.apple.product-type.application";
		};
		01E8C9731AFBFECA007CB351 /* MarktKasseTests */ = {
			isa = PBXNativeTarget;
			buildConfigurationList = 01E8C9811AFBFECA007CB351 /* Build configuration list for PBXNativeTarget "MarktKasseTests" */;
			buildPhases = (
				01E8C9701AFBFECA007CB351 /* Sources */,
				01E8C9711AFBFECA007CB351 /* Frameworks */,
				01E8C9721AFBFECA007CB351 /* Resources */,
			);
			buildRules = (
			);
			dependencies = (
				01E8C9761AFBFECA007CB351 /* PBXTargetDependency */,
			);
			name = MarktKasseTests;
			productName = MarktKasseTests;
			productReference = 01E8C9741AFBFECA007CB351 /* MarktKasseTests.xctest */;
			productType = "com.apple.product-type.bundle.unit-test";
		};
/* End PBXNativeTarget section */

/* Begin PBXProject section */
		01E8C9541AFBFEC9007CB351 /* Project object */ = {
			isa = PBXProject;
			attributes = {
				LastUpgradeCheck = 0630;
				ORGANIZATIONNAME = "aus der Technik";
				TargetAttributes = {
					01E8C95B1AFBFEC9007CB351 = {
						CreatedOnToolsVersion = 6.3.1;
					};
					01E8C9731AFBFECA007CB351 = {
						CreatedOnToolsVersion = 6.3.1;
						TestTargetID = 01E8C95B1AFBFEC9007CB351;
					};
				};
			};
			buildConfigurationList = 01E8C9571AFBFEC9007CB351 /* Build configuration list for PBXProject "MarktKasse" */;
			compatibilityVersion = "Xcode 3.2";
			developmentRegion = English;
			hasScannedForEncodings = 0;
			knownRegions = (
				en,
				Base,
			);
			mainGroup = 01E8C9531AFBFEC9007CB351;
			productRefGroup = 01E8C95D1AFBFECA007CB351 /* Products */;
			projectDirPath = "";
			projectRoot = "";
			targets = (
				01E8C95B1AFBFEC9007CB351 /* MarktKasse */,
				01E8C9731AFBFECA007CB351 /* MarktKasseTests */,
			);
		};
/* End PBXProject section */

/* Begin PBXResourcesBuildPhase section */
		01E8C95A1AFBFEC9007CB351 /* Resources */ = {
			isa = PBXResourcesBuildPhase;
			buildActionMask = 2147483647;
			files = (
				01E8C96A1AFBFECA007CB351 /* Main.storyboard in Resources */,
				01E8C96F1AFBFECA007CB351 /* LaunchScreen.xib in Resources */,
				01E8C96C1AFBFECA007CB351 /* Images.xcassets in Resources */,
			);
			runOnlyForDeploymentPostprocessing = 0;
		};
		01E8C9721AFBFECA007CB351 /* Resources */ = {
			isa = PBXResourcesBuildPhase;
			buildActionMask = 2147483647;
			files = (
			);
			runOnlyForDeploymentPostprocessing = 0;
		};
/* End PBXResourcesBuildPhase section */

/* Begin PBXSourcesBuildPhase section */
		01E8C9581AFBFEC9007CB351 /* Sources */ = {
			isa = PBXSourcesBuildPhase;
			buildActionMask = 2147483647;
			files = (
				01E8C9671AFBFECA007CB351 /* ViewController.swift in Sources */,
				01E8C9621AFBFECA007CB351 /* AppDelegate.swift in Sources */,
				01E8C9651AFBFECA007CB351 /* MarktKasse.xcdatamodeld in Sources */,
			);
			runOnlyForDeploymentPostprocessing = 0;
		};
		01E8C9701AFBFECA007CB351 /* Sources */ = {
			isa = PBXSourcesBuildPhase;
			buildActionMask = 2147483647;
			files = (
				01E8C97B1AFBFECA007CB351 /* MarktKasseTests.swift in Sources */,
			);
			runOnlyForDeploymentPostprocessing = 0;
		};
/* End PBXSourcesBuildPhase section */

/* Begin PBXTargetDependency section */
		01E8C9761AFBFECA007CB351 /* PBXTargetDependency */ = {
			isa = PBXTargetDependency;
			target = 01E8C95B1AFBFEC9007CB351 /* MarktKasse */;
			targetProxy = 01E8C9751AFBFECA007CB351 /* PBXContainerItemProxy */;
		};
/* End PBXTargetDependency section */

/* Begin PBXVariantGroup section */
		01E8C9681AFBFECA007CB351 /* Main.storyboard */ = {
			isa = PBXVariantGroup;
			children = (
				01E8C9691AFBFECA007CB351 /* Base */,
			);
			name = Main.storyboard;
			sourceTree = "<group>";
		};
		01E8C96D1AFBFECA007CB351 /* LaunchScreen.xib */ = {
			isa = PBXVariantGroup;
			children = (
				01E8C96E1AFBFECA007CB351 /* Base */,
			);
			name = LaunchScreen.xib;
			sourceTree = "<group>";
		};
/* End PBXVariantGroup section */

/* Begin XCBuildConfiguration section */
		01E8C97C1AFBFECA007CB351 /* Debug */ = {
			isa = XCBuildConfiguration;
			buildSettings = {
				ALWAYS_SEARCH_USER_PATHS = NO;
				CLANG_CXX_LANGUAGE_STANDARD = "gnu++0x";
				CLANG_CXX_LIBRARY = "libc++";
				CLANG_ENABLE_MODULES = YES;
				CLANG_ENABLE_OBJC_ARC = YES;
				CLANG_WARN_BOOL_CONVERSION = YES;
				CLANG_WARN_CONSTANT_CONVERSION = YES;
				CLANG_WARN_DIRECT_OBJC_ISA_USAGE = YES_ERROR;
				CLANG_WARN_EMPTY_BODY = YES;
				CLANG_WARN_ENUM_CONVERSION = YES;
				CLANG_WARN_INT_CONVERSION = YES;
				CLANG_WARN_OBJC_ROOT_CLASS = YES_ERROR;
				CLANG_WARN_UNREACHABLE_CODE = YES;
				CLANG_WARN__DUPLICATE_METHOD_MATCH = YES;
				"CODE_SIGN_IDENTITY[sdk=iphoneos*]" = "iPhone Developer";
				COPY_PHASE_STRIP = NO;
				DEBUG_INFORMATION_FORMAT = "dwarf-with-dsym";
				ENABLE_STRICT_OBJC_MSGSEND = YES;
				GCC_C_LANGUAGE_STANDARD = gnu99;
				GCC_DYNAMIC_NO_PIC = NO;
				GCC_NO_COMMON_BLOCKS = YES;
				GCC_OPTIMIZATION_LEVEL = 0;
				GCC_PREPROCESSOR_DEFINITIONS = (
					"DEBUG=1",
					"$(inherited)",
				);
				GCC_SYMBOLS_PRIVATE_EXTERN = NO;
				GCC_WARN_64_TO_32_BIT_CONVERSION = YES;
				GCC_WARN_ABOUT_RETURN_TYPE = YES_ERROR;
				GCC_WARN_UNDECLARED_SELECTOR = YES;
				GCC_WARN_UNINITIALIZED_AUTOS = YES_AGGRESSIVE;
				GCC_WARN_UNUSED_FUNCTION = YES;
				GCC_WARN_UNUSED_VARIABLE = YES;
				IPHONEOS_DEPLOYMENT_TARGET = 8.3;
				MTL_ENABLE_DEBUG_INFO = YES;
				ONLY_ACTIVE_ARCH = YES;
				SDKROOT = iphoneos;
				SWIFT_OPTIMIZATION_LEVEL = "-Onone";
			};
			name = Debug;
		};
		01E8C97D1AFBFECA007CB351 /* Release */ = {
			isa = XCBuildConfiguration;
			buildSettings = {
				ALWAYS_SEARCH_USER_PATHS = NO;
				CLANG_CXX_LANGUAGE_STANDARD = "gnu++0x";
				CLANG_CXX_LIBRARY = "libc++";
				CLANG_ENABLE_MODULES = YES;
				CLANG_ENABLE_OBJC_ARC = YES;
				CLANG_WARN_BOOL_CONVERSION = YES;
				CLANG_WARN_CONSTANT_CONVERSION = YES;
				CLANG_WARN_DIRECT_OBJC_ISA_USAGE = YES_ERROR;
				CLANG_WARN_EMPTY_BODY = YES;
				CLANG_WARN_ENUM_CONVERSION = YES;
				CLANG_WARN_INT_CONVERSION = YES;
				CLANG_WARN_OBJC_ROOT_CLASS = YES_ERROR;
				CLANG_WARN_UNREACHABLE_CODE = YES;
				CLANG_WARN__DUPLICATE_METHOD_MATCH = YES;
				"CODE_SIGN_IDENTITY[sdk=iphoneos*]" = "iPhone Developer";
				COPY_PHASE_STRIP = NO;
				DEBUG_INFORMATION_FORMAT = "dwarf-with-dsym";
				ENABLE_NS_ASSERTIONS = NO;
				ENABLE_STRICT_OBJC_MSGSEND = YES;
				GCC_C_LANGUAGE_STANDARD = gnu99;
				GCC_NO_COMMON_BLOCKS = YES;
				GCC_WARN_64_TO_32_BIT_CONVERSION = YES;
				GCC_WARN_ABOUT_RETURN_TYPE = YES_ERROR;
				GCC_WARN_UNDECLARED_SELECTOR = YES;
				GCC_WARN_UNINITIALIZED_AUTOS = YES_AGGRESSIVE;
				GCC_WARN_UNUSED_FUNCTION = YES;
				GCC_WARN_UNUSED_VARIABLE = YES;
				IPHONEOS_DEPLOYMENT_TARGET = 8.3;
				MTL_ENABLE_DEBUG_INFO = NO;
				SDKROOT = iphoneos;
				VALIDATE_PRODUCT = YES;
			};
			name = Release;
		};
		01E8C97F1AFBFECA007CB351 /* Debug */ = {
			isa = XCBuildConfiguration;
			buildSettings = {
				ASSETCATALOG_COMPILER_APPICON_NAME = AppIcon;
				INFOPLIST_FILE = MarktKasse/Info.plist;
				LD_RUNPATH_SEARCH_PATHS = "$(inherited) @executable_path/Frameworks";
				PRODUCT_NAME = "$(TARGET_NAME)";
			};
			name = Debug;
		};
		01E8C9801AFBFECA007CB351 /* Release */ = {
			isa = XCBuildConfiguration;
			buildSettings = {
				ASSETCATALOG_COMPILER_APPICON_NAME = AppIcon;
				INFOPLIST_FILE = MarktKasse/Info.plist;
				LD_RUNPATH_SEARCH_PATHS = "$(inherited) @executable_path/Frameworks";
				PRODUCT_NAME = "$(TARGET_NAME)";
			};
			name = Release;
		};
		01E8C9821AFBFECA007CB351 /* Debug */ = {
			isa = XCBuildConfiguration;
			buildSettings = {
				BUNDLE_LOADER = "$(TEST_HOST)";
				FRAMEWORK_SEARCH_PATHS = (
					"$(SDKROOT)/Developer/Library/Frameworks",
					"$(inherited)",
				);
				GCC_PREPROCESSOR_DEFINITIONS = (
					"DEBUG=1",
					"$(inherited)",
				);
				INFOPLIST_FILE = MarktKasseTests/Info.plist;
				LD_RUNPATH_SEARCH_PATHS = "$(inherited) @executable_path/Frameworks @loader_path/Frameworks";
				PRODUCT_NAME = "$(TARGET_NAME)";
				TEST_HOST = "$(BUILT_PRODUCTS_DIR)/MarktKasse.app/MarktKasse";
			};
			name = Debug;
		};
		01E8C9831AFBFECA007CB351 /* Release */ = {
			isa = XCBuildConfiguration;
			buildSettings = {
				BUNDLE_LOADER = "$(TEST_HOST)";
				FRAMEWORK_SEARCH_PATHS = (
					"$(SDKROOT)/Developer/Library/Frameworks",
					"$(inherited)",
				);
				INFOPLIST_FILE = MarktKasseTests/Info.plist;
				LD_RUNPATH_SEARCH_PATHS = "$(inherited) @executable_path/Frameworks @loader_path/Frameworks";
				PRODUCT_NAME = "$(TARGET_NAME)";
				TEST_HOST = "$(BUILT_PRODUCTS_DIR)/MarktKasse.app/MarktKasse";
			};
			name = Release;
		};
/* End XCBuildConfiguration section */

/* Begin XCConfigurationList section */
		01E8C9571AFBFEC9007CB351 /* Build configuration list for PBXProject "MarktKasse" */ = {
			isa = XCConfigurationList;
			buildConfigurations = (
				01E8C97C1AFBFECA007CB351 /* Debug */,
				01E8C97D1AFBFECA007CB351 /* Release */,
			);
			defaultConfigurationIsVisible = 0;
			defaultConfigurationName = Release;
		};
		01E8C97E1AFBFECA007CB351 /* Build configuration list for PBXNativeTarget "MarktKasse" */ = {
			isa = XCConfigurationList;
			buildConfigurations = (
				01E8C97F1AFBFECA007CB351 /* Debug */,
				01E8C9801AFBFECA007CB351 /* Release */,
			);
			defaultConfigurationIsVisible = 0;
		};
		01E8C9811AFBFECA007CB351 /* Build configuration list for PBXNativeTarget "MarktKasseTests" */ = {
			isa = XCConfigurationList;
			buildConfigurations = (
				01E8C9821AFBFECA007CB351 /* Debug */,
				01E8C9831AFBFECA007CB351 /* Release */,
			);
			defaultConfigurationIsVisible = 0;
		};
/* End XCConfigurationList section */

/* Begin XCVersionGroup section */
		01E8C9631AFBFECA007CB351 /* MarktKasse.xcdatamodeld */ = {
			isa = XCVersionGroup;
			children = (
				01E8C9641AFBFECA007CB351 /* MarktKasse.xcdatamodel */,
			);
			currentVersion = 01E8C9641AFBFECA007CB351 /* MarktKasse.xcdatamodel */;
			path = MarktKasse.xcdatamodeld;
			sourceTree = "<group>";
			versionGroupType = wrapper.xcdatamodel;
		};
/* End XCVersionGroup section */
	};
	rootObject = 01E8C9541AFBFEC9007CB351 /* Project object */;
}
